
Microsoft Visual Studio Solution File, Format Version 12.00
# Visual Studio 15
VisualStudioVersion = 15.0.28010.2041
MinimumVisualStudioVersion = 10.0.40219.1
Project("{FAE04EC0-301F-11D3-BF4B-00C04F79EFBC}") = "OgrenciBilgiSistemi", "OgrenciBilgiSistemi\OgrenciBilgiSistemi.csproj", "{5A4E7D41-4292-4ADC-85B5-1C492214E2EA}"
EndProject
Global
	GlobalSection(SolutionConfigurationPlatforms) = preSolution
		Debug|Any CPU = Debug|Any CPU
		Release|Any CPU = Release|Any CPU
	EndGlobalSection
	GlobalSection(ProjectConfigurationPlatforms) = postSolution
		{5A4E7D41-4292-4ADC-85B5-1C492214E2EA}.Debug|Any CPU.ActiveCfg = Debug|Any CPU
		{5A4E7D41-4292-4ADC-85B5-1C492214E2EA}.Debug|Any CPU.Build.0 = Debug|Any CPU
		{5A4E7D41-4292-4ADC-85B5-1C492214E2EA}.Release|Any CPU.ActiveCfg = Release|Any CPU
		{5A4E7D41-4292-4ADC-85B5-1C492214E2EA}.Release|Any CPU.Build.0 = Release|Any CPU
	EndGlobalSection
	GlobalSection(SolutionProperties) = preSolution
		HideSolutionNode = FALSE
	EndGlobalSection
	GlobalSection(ExtensibilityGlobals) = postSolution
		SolutionGuid = {F32AF5F7-3DA3-4B3B-9C69-EE9DE84BE9B3}
	EndGlobalSection
EndGlobal
